Microsoft Visual Studio Solution File, Format Version 12.00
# Visual Studio Version 17
VisualStudioVersion = 17.5.2.0
MinimumVisualStudioVersion = 10.0.40219.1
Project("{FAE04EC0-301F-11D3-BF4B-00C04F79EFBC}") = "Dungeon-Crawler-Game", "Dungeon-Crawler-Game.csproj", "{819CC410-61F2-8CCF-76F1-E59874792390}"
EndProject
Global
	GlobalSection(SolutionConfigurationPlatforms) = preSolution
		Debug|Any CPU = Debug|Any CPU
		Release|Any CPU = Release|Any CPU
	EndGlobalSection
	GlobalSection(ProjectConfigurationPlatforms) = postSolution
		{819CC410-61F2-8CCF-76F1-E59874792390}.Debug|Any CPU.ActiveCfg = Debug|Any CPU
		{819CC410-61F2-8CCF-76F1-E59874792390}.Debug|Any CPU.Build.0 = Debug|Any CPU
		{819CC410-61F2-8CCF-76F1-E59874792390}.Release|Any CPU.ActiveCfg = Release|Any CPU
		{819CC410-61F2-8CCF-76F1-E59874792390}.Release|Any CPU.Build.0 = Release|Any CPU
	EndGlobalSection
	GlobalSection(SolutionProperties) = preSolution
		HideSolutionNode = FALSE
	EndGlobalSection
	GlobalSection(ExtensibilityGlobals) = postSolution
		SolutionGuid = {DEC35849-BCAF-4326-A01A-97BCBBEF1BAE}
	EndGlobalSection
EndGlobal
